
Microsoft Visual Studio Solution File, Format Version 12.00
# Visual Studio Version 17
VisualStudioVersion = 17.12.35527.113
MinimumVisualStudioVersion = 10.0.40219.1
Project("{2150E333-8FDC-42A3-9474-1A3956D46DE8}") = "services", "services", "{3393C2E0-1DBF-4979-8ED7-9849E5D8E57C}"
EndProject
Project("{2150E333-8FDC-42A3-9474-1A3956D46DE8}") = "building-blocks", "building-blocks", "{198DE50E-CDE3-4393-BB78-030FC74C0077}"
EndProject
Project("{2150E333-8FDC-42A3-9474-1A3956D46DE8}") = "gateway", "gateway", "{DEBD13F6-3FB3-4F2C-8072-A91FE3EB2B28}"
EndProject
Project("{2150E333-8FDC-42A3-9474-1A3956D46DE8}") = "core", "core", "{928D9641-521A-44A2-8C63-6D10520C1E2F}"
EndProject
Project("{2150E333-8FDC-42A3-9474-1A3956D46DE8}") = "energy", "energy", "{0AB7CB0A-62C7-4CEC-9191-FBF24ED01345}"
EndProject
Project("{2150E333-8FDC-42A3-9474-1A3956D46DE8}") = "power-monitor", "power-monitor", "{F7052EF6-E97B-4FCB-8071-A9A34E099AF1}"
EndProject
Project("{2150E333-8FDC-42A3-9474-1A3956D46DE8}") = "carbon", "carbon", "{0BF143CB-DD5A-495B-B575-9876004E6454}"
EndProject
Project("{FAE04EC0-301F-11D3-BF4B-00C04F79EFBC}") = "EnerGlow.Core.Domain", "services\core\EnerGlow.Core.Domain\EnerGlow.Core.Domain.csproj", "{A3ECC223-D93C-4E4D-B639-746FA0F3FD11}"
EndProject
Project("{FAE04EC0-301F-11D3-BF4B-00C04F79EFBC}") = "EnerGlow.Core.Infrastructure", "services\core\EnerGlow.Core.Infrastructure\EnerGlow.Core.Infrastructure.csproj", "{075ABDA2-58DB-4A29-A6DD-CA727FE3DE89}"
EndProject
Project("{FAE04EC0-301F-11D3-BF4B-00C04F79EFBC}") = "EnerGlow.Core.Application", "services\core\EnerGlow.Core.Application\EnerGlow.Core.Application.csproj", "{BDC77221-630E-4DF1-8BC9-54D50DDEFDD1}"
EndProject
Project("{FAE04EC0-301F-11D3-BF4B-00C04F79EFBC}") = "EnerGlow.Core.Host", "services\core\EnerGlow.Core\EnerGlow.Core.Host.csproj", "{7DFAF6D1-F34D-468C-9FD0-DCA91C568699}"
EndProject
Project("{FAE04EC0-301F-11D3-BF4B-00C04F79EFBC}") = "EnerGlow.Core.HttpAPI", "services\core\EnerGlow.Core.HttpAPI\EnerGlow.Core.HttpAPI.csproj", "{93B66095-1D82-4D34-A7DB-167874D99B5D}"
EndProject
Project("{FAE04EC0-301F-11D3-BF4B-00C04F79EFBC}") = "EnerGlow.Shared", "building-blocks\EnerGlow.Core.Shared\EnerGlow.Shared.csproj", "{9F8ADECC-C381-419B-98E3-3E85BC6FDE11}"
EndProject
Project("{FAE04EC0-301F-11D3-BF4B-00C04F79EFBC}") = "EnerGlow.Carbon.Domain", "services\carbon\EnerGlow.Carbon.Domain\EnerGlow.Carbon.Domain.csproj", "{60C0B5B6-73C4-4BBC-A649-264673D78885}"
EndProject
Project("{FAE04EC0-301F-11D3-BF4B-00C04F79EFBC}") = "EnerGlow.Carbon.Infrastructure", "services\carbon\EnerGlow.Carbon.Infrastructure\EnerGlow.Carbon.Infrastructure.csproj", "{936721CB-7BEC-4ECA-B34C-22587E389434}"
EndProject
Project("{FAE04EC0-301F-11D3-BF4B-00C04F79EFBC}") = "EnerGlow.Carbon.Application", "services\carbon\EnerGlow.Carbon.Application\EnerGlow.Carbon.Application.csproj", "{FCA748DC-44D8-410C-A330-7015C57C2114}"
EndProject
Project("{FAE04EC0-301F-11D3-BF4B-00C04F79EFBC}") = "EnerGlow.Carbon.Host", "services\carbon\EnerGlow.Carbon\EnerGlow.Carbon.Host.csproj", "{44FACCA4-A3E4-40FE-BA48-117BBA70F5D5}"
EndProject
Project("{FAE04EC0-301F-11D3-BF4B-00C04F79EFBC}") = "EnerGlow.Carbon.HttpAPI", "services\carbon\EnerGlow.Carbon.HttpAPI\EnerGlow.Carbon.HttpAPI.csproj", "{AF945CF3-5210-4CEF-B5E1-A7E0E355234C}"
EndProject
Project("{FAE04EC0-301F-11D3-BF4B-00C04F79EFBC}") = "EnerGlow.Energy.Domain", "services\energy\EnerGlow.Energy.Domain\EnerGlow.Energy.Domain.csproj", "{E26B9569-5E2E-44D7-9A8D-87827D1E30D5}"
EndProject
Project("{FAE04EC0-301F-11D3-BF4B-00C04F79EFBC}") = "EnerGlow.Energy.Infrastructure", "services\energy\EnerGlow.Energy.Infrastructure\EnerGlow.Energy.Infrastructure.csproj", "{0199514D-BF93-410D-BB00-D55D1F446D44}"
EndProject
Project("{FAE04EC0-301F-11D3-BF4B-00C04F79EFBC}") = "EnerGlow.Energy.Application", "services\energy\EnerGlow.Energy.Application\EnerGlow.Energy.Application.csproj", "{263C75BD-C053-4257-AE9A-5711231D0586}"
EndProject
Project("{FAE04EC0-301F-11D3-BF4B-00C04F79EFBC}") = "EnerGlow.Energy.HttpAPI", "services\energy\EnerGlow.Energy.HttpAPI\EnerGlow.Energy.HttpAPI.csproj", "{77FD8D67-ED51-4138-8F83-0096B231826E}"
EndProject
Project("{FAE04EC0-301F-11D3-BF4B-00C04F79EFBC}") = "EnerGlow.Energy.Host", "services\energy\EnerGlow.Energy\EnerGlow.Energy.Host.csproj", "{C18F3E06-3826-4852-B538-C72BC67421C2}"
EndProject
Project("{FAE04EC0-301F-11D3-BF4B-00C04F79EFBC}") = "EnerGlow.PowerMonitor.Domain", "services\power-monitor\EnerGlow.PowerMonitor.Domain\EnerGlow.PowerMonitor.Domain.csproj", "{6D74BF9B-279C-4E16-841D-838544CBE8D6}"
EndProject
Project("{FAE04EC0-301F-11D3-BF4B-00C04F79EFBC}") = "EnerGlow.PowerMonitor.Infrastructure", "services\power-monitor\EnerGlow.PowerMonitor.Infrastructure\EnerGlow.PowerMonitor.Infrastructure.csproj", "{19063349-3758-46E6-91E4-92C8DC86748C}"
EndProject
Project("{FAE04EC0-301F-11D3-BF4B-00C04F79EFBC}") = "EnerGlow.PowerMonitor.Appliction", "services\power-monitor\EnerGlow.PowerMonitor.Appliction\EnerGlow.PowerMonitor.Appliction.csproj", "{9AF9745D-AAE4-483C-ABC8-CD3D49990B25}"
EndProject
Project("{FAE04EC0-301F-11D3-BF4B-00C04F79EFBC}") = "EnerGlow.PowerMonitor.HttpAPI", "services\power-monitor\EnerGlow.PowerMonitor.HttpAPI\EnerGlow.PowerMonitor.HttpAPI.csproj", "{843A1FB7-64C7-4D5F-82A5-B2E26EE4AA95}"
EndProject
Project("{FAE04EC0-301F-11D3-BF4B-00C04F79EFBC}") = "EnerGlow.PowerMonitor.Host", "services\power-monitor\EnerGlow.PowerMonitor\EnerGlow.PowerMonitor.Host.csproj", "{28426D3A-73F3-4F28-8B9F-A27E68B6E45C}"
EndProject
Project("{FAE04EC0-301F-11D3-BF4B-00C04F79EFBC}") = "EnerGlow.ApiGateway", "gateway\EnerGlow.ApiGateway\EnerGlow.ApiGateway.csproj", "{C3EB80A7-0900-4D6D-AD8D-BE93C583C157}"
EndProject
Project("{FAE04EC0-301F-11D3-BF4B-00C04F79EFBC}") = "EnerGlow.LogHelper", "building-blocks\YDT_Distributed_Log\EnerGlow.LogHelper.csproj", "{9245E542-1FF9-4FD1-8456-BC9C895E32A9}"
EndProject
Global
	GlobalSection(SolutionConfigurationPlatforms) = preSolution
		Debug|Any CPU = Debug|Any CPU
		Release|Any CPU = Release|Any CPU
	EndGlobalSection
	GlobalSection(ProjectConfigurationPlatforms) = postSolution
		{A3ECC223-D93C-4E4D-B639-746FA0F3FD11}.Debug|Any CPU.ActiveCfg = Debug|Any CPU
		{A3ECC223-D93C-4E4D-B639-746FA0F3FD11}.Debug|Any CPU.Build.0 = Debug|Any CPU
		{A3ECC223-D93C-4E4D-B639-746FA0F3FD11}.Release|Any CPU.ActiveCfg = Release|Any CPU
		{A3ECC223-D93C-4E4D-B639-746FA0F3FD11}.Release|Any CPU.Build.0 = Release|Any CPU
		{075ABDA2-58DB-4A29-A6DD-CA727FE3DE89}.Debug|Any CPU.ActiveCfg = Debug|Any CPU
		{075ABDA2-58DB-4A29-A6DD-CA727FE3DE89}.Debug|Any CPU.Build.0 = Debug|Any CPU
		{075ABDA2-58DB-4A29-A6DD-CA727FE3DE89}.Release|Any CPU.ActiveCfg = Release|Any CPU
		{075ABDA2-58DB-4A29-A6DD-CA727FE3DE89}.Release|Any CPU.Build.0 = Release|Any CPU
		{BDC77221-630E-4DF1-8BC9-54D50DDEFDD1}.Debug|Any CPU.ActiveCfg = Debug|Any CPU
		{BDC77221-630E-4DF1-8BC9-54D50DDEFDD1}.Debug|Any CPU.Build.0 = Debug|Any CPU
		{BDC77221-630E-4DF1-8BC9-54D50DDEFDD1}.Release|Any CPU.ActiveCfg = Release|Any CPU
		{BDC77221-630E-4DF1-8BC9-54D50DDEFDD1}.Release|Any CPU.Build.0 = Release|Any CPU
		{7DFAF6D1-F34D-468C-9FD0-DCA91C568699}.Debug|Any CPU.ActiveCfg = Debug|Any CPU
		{7DFAF6D1-F34D-468C-9FD0-DCA91C568699}.Debug|Any CPU.Build.0 = Debug|Any CPU
		{7DFAF6D1-F34D-468C-9FD0-DCA91C568699}.Release|Any CPU.ActiveCfg = Release|Any CPU
		{7DFAF6D1-F34D-468C-9FD0-DCA91C568699}.Release|Any CPU.Build.0 = Release|Any CPU
		{93B66095-1D82-4D34-A7DB-167874D99B5D}.Debug|Any CPU.ActiveCfg = Debug|Any CPU
		{93B66095-1D82-4D34-A7DB-167874D99B5D}.Debug|Any CPU.Build.0 = Debug|Any CPU
		{93B66095-1D82-4D34-A7DB-167874D99B5D}.Release|Any CPU.ActiveCfg = Release|Any CPU
		{93B66095-1D82-4D34-A7DB-167874D99B5D}.Release|Any CPU.Build.0 = Release|Any CPU
		{9F8ADECC-C381-419B-98E3-3E85BC6FDE11}.Debug|Any CPU.ActiveCfg = Debug|Any CPU
		{9F8ADECC-C381-419B-98E3-3E85BC6FDE11}.Debug|Any CPU.Build.0 = Debug|Any CPU
		{9F8ADECC-C381-419B-98E3-3E85BC6FDE11}.Release|Any CPU.ActiveCfg = Release|Any CPU
		{9F8ADECC-C381-419B-98E3-3E85BC6FDE11}.Release|Any CPU.Build.0 = Release|Any CPU
		{60C0B5B6-73C4-4BBC-A649-264673D78885}.Debug|Any CPU.ActiveCfg = Debug|Any CPU
		{60C0B5B6-73C4-4BBC-A649-264673D78885}.Debug|Any CPU.Build.0 = Debug|Any CPU
		{60C0B5B6-73C4-4BBC-A649-264673D78885}.Release|Any CPU.ActiveCfg = Release|Any CPU
		{60C0B5B6-73C4-4BBC-A649-264673D78885}.Release|Any CPU.Build.0 = Release|Any CPU
		{936721CB-7BEC-4ECA-B34C-22587E389434}.Debug|Any CPU.ActiveCfg = Debug|Any CPU
		{936721CB-7BEC-4ECA-B34C-22587E389434}.Debug|Any CPU.Build.0 = Debug|Any CPU
		{936721CB-7BEC-4ECA-B34C-22587E389434}.Release|Any CPU.ActiveCfg = Release|Any CPU
		{936721CB-7BEC-4ECA-B34C-22587E389434}.Release|Any CPU.Build.0 = Release|Any CPU
		{FCA748DC-44D8-410C-A330-7015C57C2114}.Debug|Any CPU.ActiveCfg = Debug|Any CPU
		{FCA748DC-44D8-410C-A330-7015C57C2114}.Debug|Any CPU.Build.0 = Debug|Any CPU
		{FCA748DC-44D8-410C-A330-7015C57C2114}.Release|Any CPU.ActiveCfg = Release|Any CPU
		{FCA748DC-44D8-410C-A330-7015C57C2114}.Release|Any CPU.Build.0 = Release|Any CPU
		{44FACCA4-A3E4-40FE-BA48-117BBA70F5D5}.Debug|Any CPU.ActiveCfg = Debug|Any CPU
		{44FACCA4-A3E4-40FE-BA48-117BBA70F5D5}.Debug|Any CPU.Build.0 = Debug|Any CPU
		{44FACCA4-A3E4-40FE-BA48-117BBA70F5D5}.Release|Any CPU.ActiveCfg = Release|Any CPU
		{44FACCA4-A3E4-40FE-BA48-117BBA70F5D5}.Release|Any CPU.Build.0 = Release|Any CPU
		{AF945CF3-5210-4CEF-B5E1-A7E0E355234C}.Debug|Any CPU.ActiveCfg = Debug|Any CPU
		{AF945CF3-5210-4CEF-B5E1-A7E0E355234C}.Debug|Any CPU.Build.0 = Debug|Any CPU
		{AF945CF3-5210-4CEF-B5E1-A7E0E355234C}.Release|Any CPU.ActiveCfg = Release|Any CPU
		{AF945CF3-5210-4CEF-B5E1-A7E0E355234C}.Release|Any CPU.Build.0 = Release|Any CPU
		{E26B9569-5E2E-44D7-9A8D-87827D1E30D5}.Debug|Any CPU.ActiveCfg = Debug|Any CPU
		{E26B9569-5E2E-44D7-9A8D-87827D1E30D5}.Debug|Any CPU.Build.0 = Debug|Any CPU
		{E26B9569-5E2E-44D7-9A8D-87827D1E30D5}.Release|Any CPU.ActiveCfg = Release|Any CPU
		{E26B9569-5E2E-44D7-9A8D-87827D1E30D5}.Release|Any CPU.Build.0 = Release|Any CPU
		{0199514D-BF93-410D-BB00-D55D1F446D44}.Debug|Any CPU.ActiveCfg = Debug|Any CPU
		{0199514D-BF93-410D-BB00-D55D1F446D44}.Debug|Any CPU.Build.0 = Debug|Any CPU
		{0199514D-BF93-410D-BB00-D55D1F446D44}.Release|Any CPU.ActiveCfg = Release|Any CPU
		{0199514D-BF93-410D-BB00-D55D1F446D44}.Release|Any CPU.Build.0 = Release|Any CPU
		{263C75BD-C053-4257-AE9A-5711231D0586}.Debug|Any CPU.ActiveCfg = Debug|Any CPU
		{263C75BD-C053-4257-AE9A-5711231D0586}.Debug|Any CPU.Build.0 = Debug|Any CPU
		{263C75BD-C053-4257-AE9A-5711231D0586}.Release|Any CPU.ActiveCfg = Release|Any CPU
		{263C75BD-C053-4257-AE9A-5711231D0586}.Release|Any CPU.Build.0 = Release|Any CPU
		{77FD8D67-ED51-4138-8F83-0096B231826E}.Debug|Any CPU.ActiveCfg = Debug|Any CPU
		{77FD8D67-ED51-4138-8F83-0096B231826E}.Debug|Any CPU.Build.0 = Debug|Any CPU
		{77FD8D67-ED51-4138-8F83-0096B231826E}.Release|Any CPU.ActiveCfg = Release|Any CPU
		{77FD8D67-ED51-4138-8F83-0096B231826E}.Release|Any CPU.Build.0 = Release|Any CPU
		{C18F3E06-3826-4852-B538-C72BC67421C2}.Debug|Any CPU.ActiveCfg = Debug|Any CPU
		{C18F3E06-3826-4852-B538-C72BC67421C2}.Debug|Any CPU.Build.0 = Debug|Any CPU
		{C18F3E06-3826-4852-B538-C72BC67421C2}.Release|Any CPU.ActiveCfg = Release|Any CPU
		{C18F3E06-3826-4852-B538-C72BC67421C2}.Release|Any CPU.Build.0 = Release|Any CPU
		{6D74BF9B-279C-4E16-841D-838544CBE8D6}.Debug|Any CPU.ActiveCfg = Debug|Any CPU
		{6D74BF9B-279C-4E16-841D-838544CBE8D6}.Debug|Any CPU.Build.0 = Debug|Any CPU
		{6D74BF9B-279C-4E16-841D-838544CBE8D6}.Release|Any CPU.ActiveCfg = Release|Any CPU
		{6D74BF9B-279C-4E16-841D-838544CBE8D6}.Release|Any CPU.Build.0 = Release|Any CPU
		{19063349-3758-46E6-91E4-92C8DC86748C}.Debug|Any CPU.ActiveCfg = Debug|Any CPU
		{19063349-3758-46E6-91E4-92C8DC86748C}.Debug|Any CPU.Build.0 = Debug|Any CPU
		{19063349-3758-46E6-91E4-92C8DC86748C}.Release|Any CPU.ActiveCfg = Release|Any CPU
		{19063349-3758-46E6-91E4-92C8DC86748C}.Release|Any CPU.Build.0 = Release|Any CPU
		{9AF9745D-AAE4-483C-ABC8-CD3D49990B25}.Debug|Any CPU.ActiveCfg = Debug|Any CPU
		{9AF9745D-AAE4-483C-ABC8-CD3D49990B25}.Debug|Any CPU.Build.0 = Debug|Any CPU
		{9AF9745D-AAE4-483C-ABC8-CD3D49990B25}.Release|Any CPU.ActiveCfg = Release|Any CPU
		{9AF9745D-AAE4-483C-ABC8-CD3D49990B25}.Release|Any CPU.Build.0 = Release|Any CPU
		{843A1FB7-64C7-4D5F-82A5-B2E26EE4AA95}.Debug|Any CPU.ActiveCfg = Debug|Any CPU
		{843A1FB7-64C7-4D5F-82A5-B2E26EE4AA95}.Debug|Any CPU.Build.0 = Debug|Any CPU
		{843A1FB7-64C7-4D5F-82A5-B2E26EE4AA95}.Release|Any CPU.ActiveCfg = Release|Any CPU
		{843A1FB7-64C7-4D5F-82A5-B2E26EE4AA95}.Release|Any CPU.Build.0 = Release|Any CPU
		{28426D3A-73F3-4F28-8B9F-A27E68B6E45C}.Debug|Any CPU.ActiveCfg = Debug|Any CPU
		{28426D3A-73F3-4F28-8B9F-A27E68B6E45C}.Debug|Any CPU.Build.0 = Debug|Any CPU
		{28426D3A-73F3-4F28-8B9F-A27E68B6E45C}.Release|Any CPU.ActiveCfg = Release|Any CPU
		{28426D3A-73F3-4F28-8B9F-A27E68B6E45C}.Release|Any CPU.Build.0 = Release|Any CPU
		{C3EB80A7-0900-4D6D-AD8D-BE93C583C157}.Debug|Any CPU.ActiveCfg = Debug|Any CPU
		{C3EB80A7-0900-4D6D-AD8D-BE93C583C157}.Debug|Any CPU.Build.0 = Debug|Any CPU
		{C3EB80A7-0900-4D6D-AD8D-BE93C583C157}.Release|Any CPU.ActiveCfg = Release|Any CPU
		{C3EB80A7-0900-4D6D-AD8D-BE93C583C157}.Release|Any CPU.Build.0 = Release|Any CPU
		{9245E542-1FF9-4FD1-8456-BC9C895E32A9}.Debug|Any CPU.ActiveCfg = Debug|Any CPU
		{9245E542-1FF9-4FD1-8456-BC9C895E32A9}.Debug|Any CPU.Build.0 = Debug|Any CPU
		{9245E542-1FF9-4FD1-8456-BC9C895E32A9}.Release|Any CPU.ActiveCfg = Release|Any CPU
		{9245E542-1FF9-4FD1-8456-BC9C895E32A9}.Release|Any CPU.Build.0 = Release|Any CPU
	EndGlobalSection
	GlobalSection(SolutionProperties) = preSolution
		HideSolutionNode = FALSE
	EndGlobalSection
	GlobalSection(NestedProjects) = preSolution
		{928D9641-521A-44A2-8C63-6D10520C1E2F} = {3393C2E0-1DBF-4979-8ED7-9849E5D8E57C}
		{0AB7CB0A-62C7-4CEC-9191-FBF24ED01345} = {3393C2E0-1DBF-4979-8ED7-9849E5D8E57C}
		{F7052EF6-E97B-4FCB-8071-A9A34E099AF1} = {3393C2E0-1DBF-4979-8ED7-9849E5D8E57C}
		{0BF143CB-DD5A-495B-B575-9876004E6454} = {3393C2E0-1DBF-4979-8ED7-9849E5D8E57C}
		{A3ECC223-D93C-4E4D-B639-746FA0F3FD11} = {928D9641-521A-44A2-8C63-6D10520C1E2F}
		{075ABDA2-58DB-4A29-A6DD-CA727FE3DE89} = {928D9641-521A-44A2-8C63-6D10520C1E2F}
		{BDC77221-630E-4DF1-8BC9-54D50DDEFDD1} = {928D9641-521A-44A2-8C63-6D10520C1E2F}
		{7DFAF6D1-F34D-468C-9FD0-DCA91C568699} = {928D9641-521A-44A2-8C63-6D10520C1E2F}
		{93B66095-1D82-4D34-A7DB-167874D99B5D} = {928D9641-521A-44A2-8C63-6D10520C1E2F}
		{9F8ADECC-C381-419B-98E3-3E85BC6FDE11} = {198DE50E-CDE3-4393-BB78-030FC74C0077}
		{60C0B5B6-73C4-4BBC-A649-264673D78885} = {0BF143CB-DD5A-495B-B575-9876004E6454}
		{936721CB-7BEC-4ECA-B34C-22587E389434} = {0BF143CB-DD5A-495B-B575-9876004E6454}
		{FCA748DC-44D8-410C-A330-7015C57C2114} = {0BF143CB-DD5A-495B-B575-9876004E6454}
		{44FACCA4-A3E4-40FE-BA48-117BBA70F5D5} = {0BF143CB-DD5A-495B-B575-9876004E6454}
		{AF945CF3-5210-4CEF-B5E1-A7E0E355234C} = {0BF143CB-DD5A-495B-B575-9876004E6454}
		{E26B9569-5E2E-44D7-9A8D-87827D1E30D5} = {0AB7CB0A-62C7-4CEC-9191-FBF24ED01345}
		{0199514D-BF93-410D-BB00-D55D1F446D44} = {0AB7CB0A-62C7-4CEC-9191-FBF24ED01345}
		{263C75BD-C053-4257-AE9A-5711231D0586} = {0AB7CB0A-62C7-4CEC-9191-FBF24ED01345}
		{77FD8D67-ED51-4138-8F83-0096B231826E} = {0AB7CB0A-62C7-4CEC-9191-FBF24ED01345}
		{C18F3E06-3826-4852-B538-C72BC67421C2} = {0AB7CB0A-62C7-4CEC-9191-FBF24ED01345}
		{6D74BF9B-279C-4E16-841D-838544CBE8D6} = {F7052EF6-E97B-4FCB-8071-A9A34E099AF1}
		{19063349-3758-46E6-91E4-92C8DC86748C} = {F7052EF6-E97B-4FCB-8071-A9A34E099AF1}
		{9AF9745D-AAE4-483C-ABC8-CD3D49990B25} = {F7052EF6-E97B-4FCB-8071-A9A34E099AF1}
		{843A1FB7-64C7-4D5F-82A5-B2E26EE4AA95} = {F7052EF6-E97B-4FCB-8071-A9A34E099AF1}
		{28426D3A-73F3-4F28-8B9F-A27E68B6E45C} = {F7052EF6-E97B-4FCB-8071-A9A34E099AF1}
		{C3EB80A7-0900-4D6D-AD8D-BE93C583C157} = {DEBD13F6-3FB3-4F2C-8072-A91FE3EB2B28}
		{9245E542-1FF9-4FD1-8456-BC9C895E32A9} = {198DE50E-CDE3-4393-BB78-030FC74C0077}
	EndGlobalSection
EndGlobal
